{
  "name": "revaulter-site",
  "version": "1.0.0",
  "lockfileVersion": 3,
  "requires": true,
  "packages": {
    "": {
      "name": "revaulter-site",
      "version": "1.0.0",
      "dependencies": {
        "@vercel/functions": "3.4.4"
      },
      "devDependencies": {
        "@types/node": "24.12.2"
      }
    },
    "node_modules/@types/node": {
      "version": "24.12.2",
      "resolved": "https://registry.npmjs.org/@types/node/-/node-24.12.2.tgz",
      "integrity": "sha512-A1sre26ke7HDIuY/M23nd9gfB+nrmhtYyMINbjI1zHJxYteKR6qSMX56FsmjMcDb3SMcjJg5BiRRgOCC/yBD0g==",
      "dev": true,
      "license": "MIT",
      "dependencies": {
        "undici-types": "~7.16.0"
      }
    },
    "node_modules/@vercel/functions": {
      "version": "3.4.4",
      "resolved": "https://registry.npmjs.org/@vercel/functions/-/functions-3.4.4.tgz",
      "integrity": "sha512-mdmCTMxAUTT5GMSs/iS4EuovzoofXNbb44/iPFwlgqulnJg3FEf6Sk46kLlZL4zuTTJQPT5YPTdBgZVlYZ5Azg==",
      "license": "Apache-2.0",
      "dependencies": {
        "@vercel/oidc": "3.2.1"
      },
      "engines": {
        "node": ">= 20"
      },
      "peerDependencies": {
        "@aws-sdk/credential-provider-web-identity": "*"
      },
      "peerDependenciesMeta": {
        "@aws-sdk/credential-provider-web-identity": {
          "optional": true
        }
      }
    },
    "node_modules/@vercel/oidc": {
      "version": "3.2.1",
      "resolved": "https://registry.npmjs.org/@vercel/oidc/-/oidc-3.2.1.tgz",
      "integrity": "sha512-UUqZ2y+VXHgVH1Luoo+477/NcrO4X+ln38U70ldRgGiWJAuHhtjTm7cCAnyLkl2feg7ZmTBK3F1kvJKFEQc01w==",
      "license": "Apache-2.0",
      "engines": {
        "node": ">= 20"
      }
    },
    "node_modules/undici-types": {
      "version": "7.16.0",
      "resolved": "https://registry.npmjs.org/undici-types/-/undici-types-7.16.0.tgz",
      "integrity": "sha512-Zz+aZWSj8LE6zoxD+xrjh4VfkIG8Ya6LvYkZqtUQGJPZjYl53ypCaUwWqo7eI0x66KBGeRo+mlBEkMSeSZ38Nw==",
      "dev": true,
      "license": "MIT"
    }
  }
}
